
Microsoft Visual Studio Solution File, Format Version 12.00
# Visual Studio 15
VisualStudioVersion = 15.0.28307.852
MinimumVisualStudioVersion = 10.0.40219.1
Project("{FAE04EC0-301F-11D3-BF4B-00C04F79EFBC}") = "XMLParcer", "XMLParcer\XMLParcer.csproj", "{9541BD1B-7D24-4CFA-95A4-6C4258E5775B}"
EndProject
Global
	GlobalSection(SolutionConfigurationPlatforms) = preSolution
		Debug|Any CPU = Debug|Any CPU
		Release|Any CPU = Release|Any CPU
	EndGlobalSection
	GlobalSection(ProjectConfigurationPlatforms) = postSolution
		{9541BD1B-7D24-4CFA-95A4-6C4258E5775B}.Debug|Any CPU.ActiveCfg = Debug|Any CPU
		{9541BD1B-7D24-4CFA-95A4-6C4258E5775B}.Debug|Any CPU.Build.0 = Debug|Any CPU
		{9541BD1B-7D24-4CFA-95A4-6C4258E5775B}.Release|Any CPU.ActiveCfg = Release|Any CPU
		{9541BD1B-7D24-4CFA-95A4-6C4258E5775B}.Release|Any CPU.Build.0 = Release|Any CPU
	EndGlobalSection
	GlobalSection(SolutionProperties) = preSolution
		HideSolutionNode = FALSE
	EndGlobalSection
	GlobalSection(ExtensibilityGlobals) = postSolution
		SolutionGuid = {8A2A1FC8-71F4-45A9-AAA5-9E4116C323B4}
	EndGlobalSection
EndGlobal
